
Microsoft Visual Studio Solution File, Format Version 12.00
# Visual Studio Version 17
VisualStudioVersion = 17.7.34003.232
MinimumVisualStudioVersion = 10.0.40219.1
Project("{FAE04EC0-301F-11D3-BF4B-00C04F79EFBC}") = "AutoSchoolTerminal", "AutoSchoolTerminal.csproj", "{33ED63A2-70F1-49D5-8788-14EFAA14B0E4}"
EndProject
Global
	GlobalSection(SolutionConfigurationPlatforms) = preSolution
		Debug|Any CPU = Debug|Any CPU
		Release|Any CPU = Release|Any CPU
	EndGlobalSection
	GlobalSection(ProjectConfigurationPlatforms) = postSolution
		{33ED63A2-70F1-49D5-8788-14EFAA14B0E4}.Debug|Any CPU.ActiveCfg = Debug|Any CPU
		{33ED63A2-70F1-49D5-8788-14EFAA14B0E4}.Debug|Any CPU.Build.0 = Debug|Any CPU
		{33ED63A2-70F1-49D5-8788-14EFAA14B0E4}.Release|Any CPU.ActiveCfg = Release|Any CPU
		{33ED63A2-70F1-49D5-8788-14EFAA14B0E4}.Release|Any CPU.Build.0 = Release|Any CPU
	EndGlobalSection
	GlobalSection(SolutionProperties) = preSolution
		HideSolutionNode = FALSE
	EndGlobalSection
	GlobalSection(ExtensibilityGlobals) = postSolution
		SolutionGuid = {B34E1F79-BA43-4C20-AA9E-A3DE66AD5E22}
	EndGlobalSection
EndGlobal
